// !$*UTF8*$!
{
	archiveVersion = 1;
	classes = {
	};
	objectVersion = 46;
	objects = {

/* Begin PBXBuildFile section */
		2F00FA1F1ADEC3DA000A3AC5 /* Localizable.strings in Resources */ = {isa = PBXBuildFile; fileRef = 2F00FA1D1ADEC3DA000A3AC5 /* Localizable.strings */; };
		2F01991D1B15011900024E1C /* ExampleOptionLists_EN.plist in Resources */ = {isa = PBXBuildFile; fileRef = 2F01991C1B15011900024E1C /* ExampleOptionLists_EN.plist */; };
		2F01991E1B15011900024E1C /* ExampleOptionLists_EN.plist in Resources */ = {isa = PBXBuildFile; fileRef = 2F01991C1B15011900024E1C /* ExampleOptionLists_EN.plist */; };
		2F0199231B15024600024E1C /* ExampleOptionLists_DE.plist in Resources */ = {isa = PBXBuildFile; fileRef = 2F0199221B15024600024E1C /* ExampleOptionLists_DE.plist */; };
		2F0199241B15024600024E1C /* ExampleOptionLists_DE.plist in Resources */ = {isa = PBXBuildFile; fileRef = 2F0199221B15024600024E1C /* ExampleOptionLists_DE.plist */; };
		2F03C42C1AEC3A37006CEE65 /* IDFYManagedOptionList.swift in Sources */ = {isa = PBXBuildFile; fileRef = 2F03C42B1AEC3A37006CEE65 /* IDFYManagedOptionList.swift */; };
		2F03C42D1AEC3A37006CEE65 /* IDFYManagedOptionList.swift in Sources */ = {isa = PBXBuildFile; fileRef = 2F03C42B1AEC3A37006CEE65 /* IDFYManagedOptionList.swift */; };
		2F0FB73C1AED422000CB2179 /* IDFYAddAndDecideInteractor.swift in Sources */ = {isa = PBXBuildFile; fileRef = 2F0FB73B1AED422000CB2179 /* IDFYAddAndDecideInteractor.swift */; };
		2F0FB73D1AED422000CB2179 /* IDFYAddAndDecideInteractor.swift in Sources */ = {isa = PBXBuildFile; fileRef = 2F0FB73B1AED422000CB2179 /* IDFYAddAndDecideInteractor.swift */; };
		2F0FB73F1AED422600CB2179 /* IDFYAddAndDecideInteractorPresenterIO.swift in Sources */ = {isa = PBXBuildFile; fileRef = 2F0FB73E1AED422600CB2179 /* IDFYAddAndDecideInteractorPresenterIO.swift */; };
		2F0FB7401AED422600CB2179 /* IDFYAddAndDecideInteractorPresenterIO.swift in Sources */ = {isa = PBXBuildFile; fileRef = 2F0FB73E1AED422600CB2179 /* IDFYAddAndDecideInteractorPresenterIO.swift */; };
		2F0FB7451AED4AA000CB2179 /* IDFYOptionList.swift in Sources */ = {isa = PBXBuildFile; fileRef = 2F0FB7441AED4AA000CB2179 /* IDFYOptionList.swift */; };
		2F0FB7461AED4AA000CB2179 /* IDFYOptionList.swift in Sources */ = {isa = PBXBuildFile; fileRef = 2F0FB7441AED4AA000CB2179 /* IDFYOptionList.swift */; };
		2F20A6951AF3BE14007BB418 /* IDFYListOperationsPresenter.swift in Sources */ = {isa = PBXBuildFile; fileRef = 2F20A6941AF3BE14007BB418 /* IDFYListOperationsPresenter.swift */; };
		2F20A6961AF3BE14007BB418 /* IDFYListOperationsPresenter.swift in Sources */ = {isa = PBXBuildFile; fileRef = 2F20A6941AF3BE14007BB418 /* IDFYListOperationsPresenter.swift */; };
		2F20A6981AF3BE20007BB418 /* IDFYListOperationInteractor.swift in Sources */ = {isa = PBXBuildFile; fileRef = 2F20A6971AF3BE20007BB418 /* IDFYListOperationInteractor.swift */; };
		2F20A6991AF3BE20007BB418 /* IDFYListOperationInteractor.swift in Sources */ = {isa = PBXBuildFile; fileRef = 2F20A6971AF3BE20007BB418 /* IDFYListOperationInteractor.swift */; };
		2F20A69B1AF3BE2C007BB418 /* IDFYListOperationInteractorPresenterIO.swift in Sources */ = {isa = PBXBuildFile; fileRef = 2F20A69A1AF3BE2C007BB418 /* IDFYListOperationInteractorPresenterIO.swift */; };
		2F20A69C1AF3BE2C007BB418 /* IDFYListOperationInteractorPresenterIO.swift in Sources */ = {isa = PBXBuildFile; fileRef = 2F20A69A1AF3BE2C007BB418 /* IDFYListOperationInteractorPresenterIO.swift */; };
		2F20A6A11AF3C4A4007BB418 /* IDFYListOperationWireframe.swift in Sources */ = {isa = PBXBuildFile; fileRef = 2F20A6A01AF3C4A4007BB418 /* IDFYListOperationWireframe.swift */; };
		2F20A6A21AF3C4A4007BB418 /* IDFYListOperationWireframe.swift in Sources */ = {isa = PBXBuildFile; fileRef = 2F20A6A01AF3C4A4007BB418 /* IDFYListOperationWireframe.swift */; };
		2F20A6A41AF3CF6E007BB418 /* IDFYCoreDataStack.swift in Sources */ = {isa = PBXBuildFile; fileRef = 2F20A6A31AF3CF6E007BB418 /* IDFYCoreDataStack.swift */; };
		2F20A6A51AF3CF6E007BB418 /* IDFYCoreDataStack.swift in Sources */ = {isa = PBXBuildFile; fileRef = 2F20A6A31AF3CF6E007BB418 /* IDFYCoreDataStack.swift */; };
		2F327F0A1AB33FFB00EE1CF8 /* iDecide4u.xcdatamodeld in Sources */ = {isa = PBXBuildFile; fileRef = 2F327F081AB33FFB00EE1CF8 /* iDecide4u.xcdatamodeld */; };
		2F327F101AB33FFB00EE1CF8 /* Main.storyboard in Resources */ = {isa = PBXBuildFile; fileRef = 2F327F0E1AB33FFB00EE1CF8 /* Main.storyboard */; };
		2F327F121AB33FFB00EE1CF8 /* Images.xcassets in Resources */ = {isa = PBXBuildFile; fileRef = 2F327F111AB33FFB00EE1CF8 /* Images.xcassets */; };
		2F6358651B14EE420049F598 /* IDFYUserDefaultsUtility.swift in Sources */ = {isa = PBXBuildFile; fileRef = 2F6358641B14EE420049F598 /* IDFYUserDefaultsUtility.swift */; };
		2F6358661B14F1D70049F598 /* IDFYUserDefaultsUtility.swift in Sources */ = {isa = PBXBuildFile; fileRef = 2F6358641B14EE420049F598 /* IDFYUserDefaultsUtility.swift */; };
		2F6358681B14F4790049F598 /* IDFYLoggingUtilities.swift in Sources */ = {isa = PBXBuildFile; fileRef = 2F6358671B14F4790049F598 /* IDFYLoggingUtilities.swift */; };
		2F6358691B14F4E00049F598 /* IDFYLoggingUtilities.swift in Sources */ = {isa = PBXBuildFile; fileRef = 2F6358671B14F4790049F598 /* IDFYLoggingUtilities.swift */; };
		2F81417F1AEBF32000E9E8EB /* IDFYAppDelegate.swift in Sources */ = {isa = PBXBuildFile; fileRef = 2F81417E1AEBF32000E9E8EB /* IDFYAppDelegate.swift */; };
		2F8141801AEBF32000E9E8EB /* IDFYAppDelegate.swift in Sources */ = {isa = PBXBuildFile; fileRef = 2F81417E1AEBF32000E9E8EB /* IDFYAppDelegate.swift */; };
		2F8141881AEBFC8400E9E8EB /* IDFYAddAndDecidePresenter.swift in Sources */ = {isa = PBXBuildFile; fileRef = 2F8141871AEBFC8400E9E8EB /* IDFYAddAndDecidePresenter.swift */; };
		2F8141891AEBFC8400E9E8EB /* IDFYAddAndDecidePresenter.swift in Sources */ = {isa = PBXBuildFile; fileRef = 2F8141871AEBFC8400E9E8EB /* IDFYAddAndDecidePresenter.swift */; };
		2F86CFC91AF538FE00750031 /* iDecide4u.xcdatamodeld in Sources */ = {isa = PBXBuildFile; fileRef = 2F327F081AB33FFB00EE1CF8 /* iDecide4u.xcdatamodeld */; };
		2F86CFCC1AF5394500750031 /* IDFYTestBase.swift in Sources */ = {isa = PBXBuildFile; fileRef = 2F86CFCA1AF5394500750031 /* IDFYTestBase.swift */; };
		2F86CFCD1AF5394500750031 /* IDFYDataManagerTest.swift in Sources */ = {isa = PBXBuildFile; fileRef = 2F86CFCB1AF5394500750031 /* IDFYDataManagerTest.swift */; };
		2FD603571AF3D4FE00227FD6 /* IDFYDataManager.swift in Sources */ = {isa = PBXBuildFile; fileRef = 2FD603561AF3D4FE00227FD6 /* IDFYDataManager.swift */; };
		2FD603581AF3D4FE00227FD6 /* IDFYDataManager.swift in Sources */ = {isa = PBXBuildFile; fileRef = 2FD603561AF3D4FE00227FD6 /* IDFYDataManager.swift */; };
		2FD6035A1AF3D7AC00227FD6 /* IDFYInitialAppSetupGenerator.swift in Sources */ = {isa = PBXBuildFile; fileRef = 2FD603591AF3D7AC00227FD6 /* IDFYInitialAppSetupGenerator.swift */; };
		2FD6035B1AF3D7AC00227FD6 /* IDFYInitialAppSetupGenerator.swift in Sources */ = {isa = PBXBuildFile; fileRef = 2FD603591AF3D7AC00227FD6 /* IDFYInitialAppSetupGenerator.swift */; };
		2FD603661AF406EB00227FD6 /* IDFYAddAndDecideWireframe.swift in Sources */ = {isa = PBXBuildFile; fileRef = 2FD603651AF406EB00227FD6 /* IDFYAddAndDecideWireframe.swift */; };
		2FD603671AF406EB00227FD6 /* IDFYAddAndDecideWireframe.swift in Sources */ = {isa = PBXBuildFile; fileRef = 2FD603651AF406EB00227FD6 /* IDFYAddAndDecideWireframe.swift */; };
		2FD603691AF4F6F100227FD6 /* IDFYDataManagerInterface.swift in Sources */ = {isa = PBXBuildFile; fileRef = 2FD603681AF4F6F100227FD6 /* IDFYDataManagerInterface.swift */; };
		2FD6036A1AF4F6F100227FD6 /* IDFYDataManagerInterface.swift in Sources */ = {isa = PBXBuildFile; fileRef = 2FD603681AF4F6F100227FD6 /* IDFYDataManagerInterface.swift */; };
		AAE31C702FFA925A306DD7B2 /* Pods_iDecide4u.framework in Frameworks */ = {isa = PBXBuildFile; fileRef = 7C68075A3E2622376925A640 /* Pods_iDecide4u.framework */; settings = {ATTRIBUTES = (Weak, ); }; };
/* End PBXBuildFile section */

/* Begin PBXContainerItemProxy section */
		2F327F1B1AB33FFC00EE1CF8 /* PBXContainerItemProxy */ = {
			isa = PBXContainerItemProxy;
			containerPortal = 2F327EF61AB33FFB00EE1CF8 /* Project object */;
			proxyType = 1;
			remoteGlobalIDString = 2F327EFD1AB33FFB00EE1CF8;
			remoteInfo = iDecide4u;
		};
/* End PBXContainerItemProxy section */

/* Begin PBXFileReference section */
		2F00FA181ADEBEF8000A3AC5 /* de */ = {isa = PBXFileReference; lastKnownFileType = text.plist.strings; name = de; path = de.lproj/Main.strings; sourceTree = "<group>"; };
		2F00FA1E1ADEC3DA000A3AC5 /* Base */ = {isa = PBXFileReference; lastKnownFileType = text.plist.strings; name = Base; path = Base.lproj/Localizable.strings; sourceTree = "<group>"; };
		2F00FA201ADEC3E1000A3AC5 /* de */ = {isa = PBXFileReference; lastKnownFileType = text.plist.strings; name = de; path = de.lproj/Localizable.strings; sourceTree = "<group>"; };
		2F01991C1B15011900024E1C /* ExampleOptionLists_EN.plist */ = {isa = PBXFileReference; fileEncoding = 4; lastKnownFileType = text.plist.xml; path = ExampleOptionLists_EN.plist; sourceTree = "<group>"; };
		2F0199221B15024600024E1C /* ExampleOptionLists_DE.plist */ = {isa = PBXFileReference; fileEncoding = 4; lastKnownFileType = text.plist.xml; path = ExampleOptionLists_DE.plist; sourceTree = "<group>"; };
		2F03C42B1AEC3A37006CEE65 /* IDFYManagedOptionList.swift */ = {isa = PBXFileReference; fileEncoding = 4; lastKnownFileType = sourcecode.swift; name = IDFYManagedOptionList.swift; path = iDecide4u/IDFYManagedOptionList.swift; sourceTree = "<group>"; };
		2F0FB73B1AED422000CB2179 /* IDFYAddAndDecideInteractor.swift */ = {isa = PBXFileReference; fileEncoding = 4; lastKnownFileType = sourcecode.swift; path = IDFYAddAndDecideInteractor.swift; sourceTree = "<group>"; };
		2F0FB73E1AED422600CB2179 /* IDFYAddAndDecideInteractorPresenterIO.swift */ = {isa = PBXFileReference; fileEncoding = 4; lastKnownFileType = sourcecode.swift; path = IDFYAddAndDecideInteractorPresenterIO.swift; sourceTree = "<group>"; };
		2F0FB7441AED4AA000CB2179 /* IDFYOptionList.swift */ = {isa = PBXFileReference; fileEncoding = 4; lastKnownFileType = sourcecode.swift; path = IDFYOptionList.swift; sourceTree = "<group>"; };
		2F20A6941AF3BE14007BB418 /* IDFYListOperationsPresenter.swift */ = {isa = PBXFileReference; fileEncoding = 4; lastKnownFileType = sourcecode.swift; path = IDFYListOperationsPresenter.swift; sourceTree = "<group>"; };
		2F20A6971AF3BE20007BB418 /* IDFYListOperationInteractor.swift */ = {isa = PBXFileReference; fileEncoding = 4; lastKnownFileType = sourcecode.swift; path = IDFYListOperationInteractor.swift; sourceTree = "<group>"; };
		2F20A69A1AF3BE2C007BB418 /* IDFYListOperationInteractorPresenterIO.swift */ = {isa = PBXFileReference; fileEncoding = 4; lastKnownFileType = sourcecode.swift; path = IDFYListOperationInteractorPresenterIO.swift; sourceTree = "<group>"; };
		2F20A6A01AF3C4A4007BB418 /* IDFYListOperationWireframe.swift */ = {isa = PBXFileReference; fileEncoding = 4; lastKnownFileType = sourcecode.swift; path = IDFYListOperationWireframe.swift; sourceTree = "<group>"; };
		2F20A6A31AF3CF6E007BB418 /* IDFYCoreDataStack.swift */ = {isa = PBXFileReference; fileEncoding = 4; lastKnownFileType = sourcecode.swift; path = IDFYCoreDataStack.swift; sourceTree = "<group>"; };
		2F327EFE1AB33FFB00EE1CF8 /* iDecide4u.app */ = {isa = PBXFileReference; explicitFileType = wrapper.application; includeInIndex = 0; path = iDecide4u.app; sourceTree = BUILT_PRODUCTS_DIR; };
		2F327F021AB33FFB00EE1CF8 /* Info.plist */ = {isa = PBXFileReference; fileEncoding = 4; lastKnownFileType = text.plist.xml; path = Info.plist; sourceTree = "<group>"; };
		2F327F091AB33FFB00EE1CF8 /* iDecide4u.xcdatamodel */ = {isa = PBXFileReference; lastKnownFileType = wrapper.xcdatamodel; path = iDecide4u.xcdatamodel; sourceTree = "<group>"; };
		2F327F0F1AB33FFB00EE1CF8 /* Base */ = {isa = PBXFileReference; lastKnownFileType = file.storyboard; name = Base; path = Base.lproj/Main.storyboard; sourceTree = "<group>"; };
		2F327F111AB33FFB00EE1CF8 /* Images.xcassets */ = {isa = PBXFileReference; lastKnownFileType = folder.assetcatalog; path = Images.xcassets; sourceTree = "<group>"; };
		2F327F1A1AB33FFC00EE1CF8 /* iDecide4uTests.xctest */ = {isa = PBXFileReference; explicitFileType = wrapper.cfbundle; includeInIndex = 0; path = iDecide4uTests.xctest; sourceTree = BUILT_PRODUCTS_DIR; };
		2F327F1F1AB33FFC00EE1CF8 /* Info.plist */ = {isa = PBXFileReference; lastKnownFileType = text.plist.xml; path = Info.plist; sourceTree = "<group>"; };
		2F6358641B14EE420049F598 /* IDFYUserDefaultsUtility.swift */ = {isa = PBXFileReference; fileEncoding = 4; lastKnownFileType = sourcecode.swift; path = IDFYUserDefaultsUtility.swift; sourceTree = "<group>"; };
		2F6358671B14F4790049F598 /* IDFYLoggingUtilities.swift */ = {isa = PBXFileReference; fileEncoding = 4; lastKnownFileType = sourcecode.swift; path = IDFYLoggingUtilities.swift; sourceTree = "<group>"; };
		2F81417E1AEBF32000E9E8EB /* IDFYAppDelegate.swift */ = {isa = PBXFileReference; fileEncoding = 4; lastKnownFileType = sourcecode.swift; name = IDFYAppDelegate.swift; path = iDecide4u/IDFYAppDelegate.swift; sourceTree = "<group>"; };
		2F8141871AEBFC8400E9E8EB /* IDFYAddAndDecidePresenter.swift */ = {isa = PBXFileReference; fileEncoding = 4; lastKnownFileType = sourcecode.swift; path = IDFYAddAndDecidePresenter.swift; sourceTree = "<group>"; };
		2F86CFCA1AF5394500750031 /* IDFYTestBase.swift */ = {isa = PBXFileReference; fileEncoding = 4; lastKnownFileType = sourcecode.swift; path = IDFYTestBase.swift; sourceTree = "<group>"; };
		2F86CFCB1AF5394500750031 /* IDFYDataManagerTest.swift */ = {isa = PBXFileReference; fileEncoding = 4; lastKnownFileType = sourcecode.swift; path = IDFYDataManagerTest.swift; sourceTree = "<group>"; };
		2FD603561AF3D4FE00227FD6 /* IDFYDataManager.swift */ = {isa = PBXFileReference; fileEncoding = 4; lastKnownFileType = sourcecode.swift; name = IDFYDataManager.swift; path = iDecide4u/IDFYDataManager.swift; sourceTree = "<group>"; };
		2FD603591AF3D7AC00227FD6 /* IDFYInitialAppSetupGenerator.swift */ = {isa = PBXFileReference; fileEncoding = 4; lastKnownFileType = sourcecode.swift; path = IDFYInitialAppSetupGenerator.swift; sourceTree = "<group>"; };
		2FD603651AF406EB00227FD6 /* IDFYAddAndDecideWireframe.swift */ = {isa = PBXFileReference; fileEncoding = 4; lastKnownFileType = sourcecode.swift; path = IDFYAddAndDecideWireframe.swift; sourceTree = "<group>"; };
		2FD603681AF4F6F100227FD6 /* IDFYDataManagerInterface.swift */ = {isa = PBXFileReference; fileEncoding = 4; lastKnownFileType = sourcecode.swift; path = IDFYDataManagerInterface.swift; sourceTree = "<group>"; };
		7C68075A3E2622376925A640 /* Pods_iDecide4u.framework */ = {isa = PBXFileReference; explicitFileType = wrapper.framework; includeInIndex = 0; path = Pods_iDecide4u.framework; sourceTree = BUILT_PRODUCTS_DIR; };
		8511CFBD9A7DC5A91C950526 /* Pods-iDecide4u.debug.xcconfig */ = {isa = PBXFileReference; includeInIndex = 1; lastKnownFileType = text.xcconfig; name = "Pods-iDecide4u.debug.xcconfig"; path = "Pods/Target Support Files/Pods-iDecide4u/Pods-iDecide4u.debug.xcconfig"; sourceTree = "<group>"; };
		C68036604D00A4EF75A3D618 /* Pods-iDecide4u.release.xcconfig */ = {isa = PBXFileReference; includeInIndex = 1; lastKnownFileType = text.xcconfig; name = "Pods-iDecide4u.release.xcconfig"; path = "Pods/Target Support Files/Pods-iDecide4u/Pods-iDecide4u.release.xcconfig"; sourceTree = "<group>"; };
/* End PBXFileReference section */

/* Begin PBXFrameworksBuildPhase section */
		2F327EFB1AB33FFB00EE1CF8 /* Frameworks */ = {
			isa = PBXFrameworksBuildPhase;
			buildActionMask = 2147483647;
			files = (
				AAE31C702FFA925A306DD7B2 /* Pods_iDecide4u.framework in Frameworks */,
			);
			runOnlyForDeploymentPostprocessing = 0;
		};
		2F327F171AB33FFC00EE1CF8 /* Frameworks */ = {
			isa = PBXFrameworksBuildPhase;
			buildActionMask = 2147483647;
			files = (
			);
			runOnlyForDeploymentPostprocessing = 0;
		};
/* End PBXFrameworksBuildPhase section */

/* Begin PBXGroup section */
		2F0FB7501AEEA98C00CB2179 /* Use Case: add and decide */ = {
			isa = PBXGroup;
			children = (
				2FD603651AF406EB00227FD6 /* IDFYAddAndDecideWireframe.swift */,
				2F8141871AEBFC8400E9E8EB /* IDFYAddAndDecidePresenter.swift */,
				2F0FB73E1AED422600CB2179 /* IDFYAddAndDecideInteractorPresenterIO.swift */,
				2F0FB73B1AED422000CB2179 /* IDFYAddAndDecideInteractor.swift */,
			);
			name = "Use Case: add and decide";
			sourceTree = "<group>";
		};
		2F0FB7511AEEAA9000CB2179 /* Shared Files */ = {
			isa = PBXGroup;
			children = (
				2F81417E1AEBF32000E9E8EB /* IDFYAppDelegate.swift */,
				2F0FB7521AEEAAA600CB2179 /* View */,
				2F0FB7531AEEAAB100CB2179 /* Model */,
				2F6358631B14EDF60049F598 /* Utilities */,
			);
			name = "Shared Files";
			sourceTree = "<group>";
		};
		2F0FB7521AEEAAA600CB2179 /* View */ = {
			isa = PBXGroup;
			children = (
				2F327F0E1AB33FFB00EE1CF8 /* Main.storyboard */,
			);
			name = View;
			sourceTree = "<group>";
		};
		2F0FB7531AEEAAB100CB2179 /* Model */ = {
			isa = PBXGroup;
			children = (
				2F0FB7441AED4AA000CB2179 /* IDFYOptionList.swift */,
				2FD603681AF4F6F100227FD6 /* IDFYDataManagerInterface.swift */,
				2FD603561AF3D4FE00227FD6 /* IDFYDataManager.swift */,
				2F20A6A31AF3CF6E007BB418 /* IDFYCoreDataStack.swift */,
				2F03C42B1AEC3A37006CEE65 /* IDFYManagedOptionList.swift */,
				2F327F081AB33FFB00EE1CF8 /* iDecide4u.xcdatamodeld */,
			);
			name = Model;
			sourceTree = "<group>";
		};
		2F327EF51AB33FFB00EE1CF8 = {
			isa = PBXGroup;
			children = (
				2F81417C1AEBF20B00E9E8EB /* iDecide4u */,
				2F327F1D1AB33FFC00EE1CF8 /* iDecide4uTests */,
				2F327EFF1AB33FFB00EE1CF8 /* Products */,
				A363AAC0ED21531121D1BA72 /* Pods */,
				32FE96528C7E9F34E79BC5A5 /* Frameworks */,
			);
			sourceTree = "<group>";
		};
		2F327EFF1AB33FFB00EE1CF8 /* Products */ = {
			isa = PBXGroup;
			children = (
				2F327EFE1AB33FFB00EE1CF8 /* iDecide4u.app */,
				2F327F1A1AB33FFC00EE1CF8 /* iDecide4uTests.xctest */,
			);
			name = Products;
			sourceTree = "<group>";
		};
		2F327F011AB33FFB00EE1CF8 /* Supporting Files */ = {
			isa = PBXGroup;
			children = (
				2F327F111AB33FFB00EE1CF8 /* Images.xcassets */,
				2F00FA1D1ADEC3DA000A3AC5 /* Localizable.strings */,
				2F327F021AB33FFB00EE1CF8 /* Info.plist */,
			);
			name = "Supporting Files";
			path = iDecide4u;
			sourceTree = "<group>";
		};
		2F327F1D1AB33FFC00EE1CF8 /* iDecide4uTests */ = {
			isa = PBXGroup;
			children = (
				2F86CFCA1AF5394500750031 /* IDFYTestBase.swift */,
				2F86CFCB1AF5394500750031 /* IDFYDataManagerTest.swift */,
				2F327F1E1AB33FFC00EE1CF8 /* Supporting Files */,
			);
			path = iDecide4uTests;
			sourceTree = "<group>";
		};
		2F327F1E1AB33FFC00EE1CF8 /* Supporting Files */ = {
			isa = PBXGroup;
			children = (
				2F327F1F1AB33FFC00EE1CF8 /* Info.plist */,
			);
			name = "Supporting Files";
			sourceTree = "<group>";
		};
		2F4E39A21AF2AA26008DBB7E /* Use Case: list operation */ = {
			isa = PBXGroup;
			children = (
				2F20A6A01AF3C4A4007BB418 /* IDFYListOperationWireframe.swift */,
				2F20A6941AF3BE14007BB418 /* IDFYListOperationsPresenter.swift */,
				2F20A69A1AF3BE2C007BB418 /* IDFYListOperationInteractorPresenterIO.swift */,
				2F20A6971AF3BE20007BB418 /* IDFYListOperationInteractor.swift */,
			);
			name = "Use Case: list operation";
			sourceTree = "<group>";
		};
		2F6358631B14EDF60049F598 /* Utilities */ = {
			isa = PBXGroup;
			children = (
				2FD603591AF3D7AC00227FD6 /* IDFYInitialAppSetupGenerator.swift */,
				2F6358641B14EE420049F598 /* IDFYUserDefaultsUtility.swift */,
				2F6358671B14F4790049F598 /* IDFYLoggingUtilities.swift */,
				2F01991C1B15011900024E1C /* ExampleOptionLists_EN.plist */,
				2F0199221B15024600024E1C /* ExampleOptionLists_DE.plist */,
			);
			name = Utilities;
			sourceTree = "<group>";
		};
		2F81417C1AEBF20B00E9E8EB /* iDecide4u */ = {
			isa = PBXGroup;
			children = (
				2F0FB7511AEEAA9000CB2179 /* Shared Files */,
				2F0FB7501AEEA98C00CB2179 /* Use Case: add and decide */,
				2F4E39A21AF2AA26008DBB7E /* Use Case: list operation */,
				2F327F011AB33FFB00EE1CF8 /* Supporting Files */,
			);
			name = iDecide4u;
			sourceTree = "<group>";
		};
		32FE96528C7E9F34E79BC5A5 /* Frameworks */ = {
			isa = PBXGroup;
			children = (
				7C68075A3E2622376925A640 /* Pods_iDecide4u.framework */,
			);
			name = Frameworks;
			sourceTree = "<group>";
		};
		A363AAC0ED21531121D1BA72 /* Pods */ = {
			isa = PBXGroup;
			children = (
				8511CFBD9A7DC5A91C950526 /* Pods-iDecide4u.debug.xcconfig */,
				C68036604D00A4EF75A3D618 /* Pods-iDecide4u.release.xcconfig */,
			);
			name = Pods;
			sourceTree = "<group>";
		};
/* End PBXGroup section */

/* Begin PBXNativeTarget section */
		2F327EFD1AB33FFB00EE1CF8 /* iDecide4u */ = {
			isa = PBXNativeTarget;
			buildConfigurationList = 2F327F241AB33FFC00EE1CF8 /* Build configuration list for PBXNativeTarget "iDecide4u" */;
			buildPhases = (
				D78607D847A06AB417BF2841 /* Check Pods Manifest.lock */,
				2F327EFA1AB33FFB00EE1CF8 /* Sources */,
				2F327EFB1AB33FFB00EE1CF8 /* Frameworks */,
				2F327EFC1AB33FFB00EE1CF8 /* Resources */,
				819396B659AEDF5A74F2806C /* Embed Pods Frameworks */,
				6D2AB13EAF26A04D8CB3A7B5 /* Copy Pods Resources */,
			);
			buildRules = (
			);
			dependencies = (
			);
			name = iDecide4u;
			productName = iDecide4u;
			productReference = 2F327EFE1AB33FFB00EE1CF8 /* iDecide4u.app */;
			productType = "com.apple.product-type.application";
		};
		2F327F191AB33FFC00EE1CF8 /* iDecide4uTests */ = {
			isa = PBXNativeTarget;
			buildConfigurationList = 2F327F271AB33FFC00EE1CF8 /* Build configuration list for PBXNativeTarget "iDecide4uTests" */;
			buildPhases = (
				2F327F161AB33FFC00EE1CF8 /* Sources */,
				2F327F171AB33FFC00EE1CF8 /* Frameworks */,
				2F327F181AB33FFC00EE1CF8 /* Resources */,
			);
			buildRules = (
			);
			dependencies = (
				2F327F1C1AB33FFC00EE1CF8 /* PBXTargetDependency */,
			);
			name = iDecide4uTests;
			productName = iDecide4uTests;
			productReference = 2F327F1A1AB33FFC00EE1CF8 /* iDecide4uTests.xctest */;
			productType = "com.apple.product-type.bundle.unit-test";
		};
/* End PBXNativeTarget section */

/* Begin PBXProject section */
		2F327EF61AB33FFB00EE1CF8 /* Project object */ = {
			isa = PBXProject;
			attributes = {
				CLASSPREFIX = IDFY;
				LastUpgradeCheck = 0630;
				ORGANIZATIONNAME = dominicfrei.com;
				TargetAttributes = {
					2F327EFD1AB33FFB00EE1CF8 = {
						CreatedOnToolsVersion = 6.1.1;
						DevelopmentTeam = B77WPD77G9;
					};
					2F327F191AB33FFC00EE1CF8 = {
						CreatedOnToolsVersion = 6.1.1;
						TestTargetID = 2F327EFD1AB33FFB00EE1CF8;
					};
				};
			};
			buildConfigurationList = 2F327EF91AB33FFB00EE1CF8 /* Build configuration list for PBXProject "iDecide4U" */;
			compatibilityVersion = "Xcode 3.2";
			developmentRegion = English;
			hasScannedForEncodings = 0;
			knownRegions = (
				en,
				Base,
				de,
			);
			mainGroup = 2F327EF51AB33FFB00EE1CF8;
			productRefGroup = 2F327EFF1AB33FFB00EE1CF8 /* Products */;
			projectDirPath = "";
			projectRoot = "";
			targets = (
				2F327EFD1AB33FFB00EE1CF8 /* iDecide4u */,
				2F327F191AB33FFC00EE1CF8 /* iDecide4uTests */,
			);
		};
/* End PBXProject section */

/* Begin PBXResourcesBuildPhase section */
		2F327EFC1AB33FFB00EE1CF8 /* Resources */ = {
			isa = PBXResourcesBuildPhase;
			buildActionMask = 2147483647;
			files = (
				2F327F101AB33FFB00EE1CF8 /* Main.storyboard in Resources */,
				2F0199231B15024600024E1C /* ExampleOptionLists_DE.plist in Resources */,
				2F01991D1B15011900024E1C /* ExampleOptionLists_EN.plist in Resources */,
				2F00FA1F1ADEC3DA000A3AC5 /* Localizable.strings in Resources */,
				2F327F121AB33FFB00EE1CF8 /* Images.xcassets in Resources */,
			);
			runOnlyForDeploymentPostprocessing = 0;
		};
		2F327F181AB33FFC00EE1CF8 /* Resources */ = {
			isa = PBXResourcesBuildPhase;
			buildActionMask = 2147483647;
			files = (
				2F01991E1B15011900024E1C /* ExampleOptionLists_EN.plist in Resources */,
				2F0199241B15024600024E1C /* ExampleOptionLists_DE.plist in Resources */,
			);
			runOnlyForDeploymentPostprocessing = 0;
		};
/* End PBXResourcesBuildPhase section */

/* Begin PBXShellScriptBuildPhase section */
		6D2AB13EAF26A04D8CB3A7B5 /* Copy Pods Resources */ = {
			isa = PBXShellScriptBuildPhase;
			buildActionMask = 2147483647;
			files = (
			);
			inputPaths = (
			);
			name = "Copy Pods Resources";
			outputPaths = (
			);
			runOnlyForDeploymentPostprocessing = 0;
			shellPath = /bin/sh;
			shellScript = "\"${SRCROOT}/Pods/Target Support Files/Pods-iDecide4u/Pods-iDecide4u-resources.sh\"\n";
			showEnvVarsInLog = 0;
		};
		819396B659AEDF5A74F2806C /* Embed Pods Frameworks */ = {
			isa = PBXShellScriptBuildPhase;
			buildActionMask = 2147483647;
			files = (
			);
			inputPaths = (
			);
			name = "Embed Pods Frameworks";
			outputPaths = (
			);
			runOnlyForDeploymentPostprocessing = 0;
			shellPath = /bin/sh;
			shellScript = "\"${SRCROOT}/Pods/Target Support Files/Pods-iDecide4u/Pods-iDecide4u-frameworks.sh\"\n";
			showEnvVarsInLog = 0;
		};
		D78607D847A06AB417BF2841 /* Check Pods Manifest.lock */ = {
			isa = PBXShellScriptBuildPhase;
			buildActionMask = 2147483647;
			files = (
			);
			inputPaths = (
			);
			name = "Check Pods Manifest.lock";
			outputPaths = (
			);
			runOnlyForDeploymentPostprocessing = 0;
			shellPath = /bin/sh;
			shellScript = "diff \"${PODS_ROOT}/../Podfile.lock\" \"${PODS_ROOT}/Manifest.lock\" > /dev/null\nif [[ $? != 0 ]] ; then\n    cat << EOM\nerror: The sandbox is not in sync with the Podfile.lock. Run 'pod install' or update your CocoaPods installation.\nEOM\n    exit 1\nfi\n";
			showEnvVarsInLog = 0;
		};
/* End PBXShellScriptBuildPhase section */

/* Begin PBXSourcesBuildPhase section */
		2F327EFA1AB33FFB00EE1CF8 /* Sources */ = {
			isa = PBXSourcesBuildPhase;
			buildActionMask = 2147483647;
			files = (
				2F8141881AEBFC8400E9E8EB /* IDFYAddAndDecidePresenter.swift in Sources */,
				2F03C42C1AEC3A37006CEE65 /* IDFYManagedOptionList.swift in Sources */,
				2FD603691AF4F6F100227FD6 /* IDFYDataManagerInterface.swift in Sources */,
				2F0FB7451AED4AA000CB2179 /* IDFYOptionList.swift in Sources */,
				2F20A69B1AF3BE2C007BB418 /* IDFYListOperationInteractorPresenterIO.swift in Sources */,
				2F6358651B14EE420049F598 /* IDFYUserDefaultsUtility.swift in Sources */,
				2FD603661AF406EB00227FD6 /* IDFYAddAndDecideWireframe.swift in Sources */,
				2F81417F1AEBF32000E9E8EB /* IDFYAppDelegate.swift in Sources */,
				2FD6035A1AF3D7AC00227FD6 /* IDFYInitialAppSetupGenerator.swift in Sources */,
				2F20A6981AF3BE20007BB418 /* IDFYListOperationInteractor.swift in Sources */,
				2F0FB73F1AED422600CB2179 /* IDFYAddAndDecideInteractorPresenterIO.swift in Sources */,
				2F20A6951AF3BE14007BB418 /* IDFYListOperationsPresenter.swift in Sources */,
				2F6358681B14F4790049F598 /* IDFYLoggingUtilities.swift in Sources */,
				2FD603571AF3D4FE00227FD6 /* IDFYDataManager.swift in Sources */,
				2F20A6A41AF3CF6E007BB418 /* IDFYCoreDataStack.swift in Sources */,
				2F20A6A11AF3C4A4007BB418 /* IDFYListOperationWireframe.swift in Sources */,
				2F0FB73C1AED422000CB2179 /* IDFYAddAndDecideInteractor.swift in Sources */,
				2F327F0A1AB33FFB00EE1CF8 /* iDecide4u.xcdatamodeld in Sources */,
			);
			runOnlyForDeploymentPostprocessing = 0;
		};
		2F327F161AB33FFC00EE1CF8 /* Sources */ = {
			isa = PBXSourcesBuildPhase;
			buildActionMask = 2147483647;
			files = (
				2F20A6961AF3BE14007BB418 /* IDFYListOperationsPresenter.swift in Sources */,
				2F86CFCD1AF5394500750031 /* IDFYDataManagerTest.swift in Sources */,
				2F0FB73D1AED422000CB2179 /* IDFYAddAndDecideInteractor.swift in Sources */,
				2F03C42D1AEC3A37006CEE65 /* IDFYManagedOptionList.swift in Sources */,
				2F6358691B14F4E00049F598 /* IDFYLoggingUtilities.swift in Sources */,
				2F8141801AEBF32000E9E8EB /* IDFYAppDelegate.swift in Sources */,
				2F86CFCC1AF5394500750031 /* IDFYTestBase.swift in Sources */,
				2F20A6991AF3BE20007BB418 /* IDFYListOperationInteractor.swift in Sources */,
				2FD6035B1AF3D7AC00227FD6 /* IDFYInitialAppSetupGenerator.swift in Sources */,
				2FD603581AF3D4FE00227FD6 /* IDFYDataManager.swift in Sources */,
				2FD603671AF406EB00227FD6 /* IDFYAddAndDecideWireframe.swift in Sources */,
				2F20A6A51AF3CF6E007BB418 /* IDFYCoreDataStack.swift in Sources */,
				2F20A69C1AF3BE2C007BB418 /* IDFYListOperationInteractorPresenterIO.swift in Sources */,
				2F0FB7401AED422600CB2179 /* IDFYAddAndDecideInteractorPresenterIO.swift in Sources */,
				2F6358661B14F1D70049F598 /* IDFYUserDefaultsUtility.swift in Sources */,
				2F0FB7461AED4AA000CB2179 /* IDFYOptionList.swift in Sources */,
				2F8141891AEBFC8400E9E8EB /* IDFYAddAndDecidePresenter.swift in Sources */,
				2F20A6A21AF3C4A4007BB418 /* IDFYListOperationWireframe.swift in Sources */,
				2F86CFC91AF538FE00750031 /* iDecide4u.xcdatamodeld in Sources */,
				2FD6036A1AF4F6F100227FD6 /* IDFYDataManagerInterface.swift in Sources */,
			);
			runOnlyForDeploymentPostprocessing = 0;
		};
/* End PBXSourcesBuildPhase section */

/* Begin PBXTargetDependency section */
		2F327F1C1AB33FFC00EE1CF8 /* PBXTargetDependency */ = {
			isa = PBXTargetDependency;
			target = 2F327EFD1AB33FFB00EE1CF8 /* iDecide4u */;
			targetProxy = 2F327F1B1AB33FFC00EE1CF8 /* PBXContainerItemProxy */;
		};
/* End PBXTargetDependency section */

/* Begin PBXVariantGroup section */
		2F00FA1D1ADEC3DA000A3AC5 /* Localizable.strings */ = {
			isa = PBXVariantGroup;
			children = (
				2F00FA1E1ADEC3DA000A3AC5 /* Base */,
				2F00FA201ADEC3E1000A3AC5 /* de */,
			);
			name = Localizable.strings;
			sourceTree = "<group>";
		};
		2F327F0E1AB33FFB00EE1CF8 /* Main.storyboard */ = {
			isa = PBXVariantGroup;
			children = (
				2F327F0F1AB33FFB00EE1CF8 /* Base */,
				2F00FA181ADEBEF8000A3AC5 /* de */,
			);
			name = Main.storyboard;
			path = iDecide4u;
			sourceTree = "<group>";
		};
/* End PBXVariantGroup section */

/* Begin XCBuildConfiguration section */
		2F327F221AB33FFC00EE1CF8 /* Debug */ = {
			isa = XCBuildConfiguration;
			buildSettings = {
				ALWAYS_SEARCH_USER_PATHS = NO;
				CLANG_CXX_LANGUAGE_STANDARD = "gnu++0x";
				CLANG_CXX_LIBRARY = "libc++";
				CLANG_ENABLE_MODULES = YES;
				CLANG_ENABLE_OBJC_ARC = YES;
				CLANG_WARN_BOOL_CONVERSION = YES;
				CLANG_WARN_CONSTANT_CONVERSION = YES;
				CLANG_WARN_DIRECT_OBJC_ISA_USAGE = YES_ERROR;
				CLANG_WARN_EMPTY_BODY = YES;
				CLANG_WARN_ENUM_CONVERSION = YES;
				CLANG_WARN_INT_CONVERSION = YES;
				CLANG_WARN_OBJC_ROOT_CLASS = YES_ERROR;
				CLANG_WARN_UNREACHABLE_CODE = YES;
				CLANG_WARN__DUPLICATE_METHOD_MATCH = YES;
				CODE_SIGN_IDENTITY = "iPhone Developer: Dominic Frei (738RLY838Z)";
				"CODE_SIGN_IDENTITY[sdk=iphoneos*]" = "iPhone Developer: Dominic Frei (738RLY838Z)";
				COPY_PHASE_STRIP = NO;
				ENABLE_STRICT_OBJC_MSGSEND = YES;
				GCC_C_LANGUAGE_STANDARD = gnu99;
				GCC_DYNAMIC_NO_PIC = NO;
				GCC_OPTIMIZATION_LEVEL = 0;
				GCC_PREPROCESSOR_DEFINITIONS = (
					"DEBUG=1",
					"$(inherited)",
				);
				GCC_SYMBOLS_PRIVATE_EXTERN = NO;
				GCC_WARN_64_TO_32_BIT_CONVERSION = YES;
				GCC_WARN_ABOUT_RETURN_TYPE = YES_ERROR;
				GCC_WARN_UNDECLARED_SELECTOR = YES;
				GCC_WARN_UNINITIALIZED_AUTOS = YES_AGGRESSIVE;
				GCC_WARN_UNUSED_FUNCTION = YES;
				GCC_WARN_UNUSED_VARIABLE = YES;
				IPHONEOS_DEPLOYMENT_TARGET = 8.0;
				MTL_ENABLE_DEBUG_INFO = YES;
				ONLY_ACTIVE_ARCH = YES;
				PROVISIONING_PROFILE = "e81977b6-dac6-4158-8519-f273f6ed1e76";
				SDKROOT = iphoneos;
				TARGETED_DEVICE_FAMILY = "1,2";
			};
			name = Debug;
		};
		2F327F231AB33FFC00EE1CF8 /* Release */ = {
			isa = XCBuildConfiguration;
			buildSettings = {
				ALWAYS_SEARCH_USER_PATHS = NO;
				CLANG_CXX_LANGUAGE_STANDARD = "gnu++0x";
				CLANG_CXX_LIBRARY = "libc++";
				CLANG_ENABLE_MODULES = YES;
				CLANG_ENABLE_OBJC_ARC = YES;
				CLANG_WARN_BOOL_CONVERSION = YES;
				CLANG_WARN_CONSTANT_CONVERSION = YES;
				CLANG_WARN_DIRECT_OBJC_ISA_USAGE = YES_ERROR;
				CLANG_WARN_EMPTY_BODY = YES;
				CLANG_WARN_ENUM_CONVERSION = YES;
				CLANG_WARN_INT_CONVERSION = YES;
				CLANG_WARN_OBJC_ROOT_CLASS = YES_ERROR;
				CLANG_WARN_UNREACHABLE_CODE = YES;
				CLANG_WARN__DUPLICATE_METHOD_MATCH = YES;
				CODE_SIGN_IDENTITY = "iPhone Distribution: Dominic Frei (B77WPD77G9)";
				"CODE_SIGN_IDENTITY[sdk=iphoneos*]" = "iPhone Distribution: Dominic Frei (B77WPD77G9)";
				COPY_PHASE_STRIP = YES;
				ENABLE_NS_ASSERTIONS = NO;
				ENABLE_STRICT_OBJC_MSGSEND = YES;
				GCC_C_LANGUAGE_STANDARD = gnu99;
				GCC_WARN_64_TO_32_BIT_CONVERSION = YES;
				GCC_WARN_ABOUT_RETURN_TYPE = YES_ERROR;
				GCC_WARN_UNDECLARED_SELECTOR = YES;
				GCC_WARN_UNINITIALIZED_AUTOS = YES_AGGRESSIVE;
				GCC_WARN_UNUSED_FUNCTION = YES;
				GCC_WARN_UNUSED_VARIABLE = YES;
				IPHONEOS_DEPLOYMENT_TARGET = 8.0;
				MTL_ENABLE_DEBUG_INFO = NO;
				PROVISIONING_PROFILE = "ea694120-35eb-4812-8ce1-fa17db5b4030";
				SDKROOT = iphoneos;
				TARGETED_DEVICE_FAMILY = "1,2";
				VALIDATE_PRODUCT = YES;
			};
			name = Release;
		};
		2F327F251AB33FFC00EE1CF8 /* Debug */ = {
			isa = XCBuildConfiguration;
			baseConfigurationReference = 8511CFBD9A7DC5A91C950526 /* Pods-iDecide4u.debug.xcconfig */;
			buildSettings = {
				ASSETCATALOG_COMPILER_APPICON_NAME = AppIcon;
				CLANG_ENABLE_MODULES = YES;
				CODE_SIGN_IDENTITY = "iPhone Developer: Dominic Frei (738RLY838Z)";
				"CODE_SIGN_IDENTITY[sdk=iphoneos*]" = "iPhone Developer: Dominic Frei (738RLY838Z)";
				INFOPLIST_FILE = iDecide4u/Info.plist;
				LD_RUNPATH_SEARCH_PATHS = "$(inherited) @executable_path/Frameworks";
				PRODUCT_NAME = "$(TARGET_NAME)";
				PROVISIONING_PROFILE = "e81977b6-dac6-4158-8519-f273f6ed1e76";
				SWIFT_OPTIMIZATION_LEVEL = "-Onone";
			};
			name = Debug;
		};
		2F327F261AB33FFC00EE1CF8 /* Release */ = {
			isa = XCBuildConfiguration;
			baseConfigurationReference = C68036604D00A4EF75A3D618 /* Pods-iDecide4u.release.xcconfig */;
			buildSettings = {
				ASSETCATALOG_COMPILER_APPICON_NAME = AppIcon;
				CLANG_ENABLE_MODULES = YES;
				CODE_SIGN_IDENTITY = "iPhone Distribution: Dominic Frei (B77WPD77G9)";
				"CODE_SIGN_IDENTITY[sdk=iphoneos*]" = "iPhone Distribution: Dominic Frei (B77WPD77G9)";
				INFOPLIST_FILE = iDecide4u/Info.plist;
				LD_RUNPATH_SEARCH_PATHS = "$(inherited) @executable_path/Frameworks";
				PRODUCT_NAME = "$(TARGET_NAME)";
				PROVISIONING_PROFILE = "ea694120-35eb-4812-8ce1-fa17db5b4030";
			};
			name = Release;
		};
		2F327F281AB33FFC00EE1CF8 /* Debug */ = {
			isa = XCBuildConfiguration;
			buildSettings = {
				BUNDLE_LOADER = "$(TEST_HOST)";
				CLANG_ENABLE_MODULES = YES;
				FRAMEWORK_SEARCH_PATHS = (
					"$(SDKROOT)/Developer/Library/Frameworks",
					"$(inherited)",
				);
				GCC_PREPROCESSOR_DEFINITIONS = (
					"DEBUG=1",
					"$(inherited)",
				);
				INFOPLIST_FILE = iDecide4uTests/Info.plist;
				LD_RUNPATH_SEARCH_PATHS = "$(inherited) @executable_path/Frameworks @loader_path/Frameworks";
				PRODUCT_NAME = "$(TARGET_NAME)";
				SWIFT_OPTIMIZATION_LEVEL = "-Onone";
				TEST_HOST = "$(BUILT_PRODUCTS_DIR)/iDecide4u.app/iDecide4u";
			};
			name = Debug;
		};
		2F327F291AB33FFC00EE1CF8 /* Release */ = {
			isa = XCBuildConfiguration;
			buildSettings = {
				BUNDLE_LOADER = "$(TEST_HOST)";
				CLANG_ENABLE_MODULES = YES;
				FRAMEWORK_SEARCH_PATHS = (
					"$(SDKROOT)/Developer/Library/Frameworks",
					"$(inherited)",
				);
				INFOPLIST_FILE = iDecide4uTests/Info.plist;
				LD_RUNPATH_SEARCH_PATHS = "$(inherited) @executable_path/Frameworks @loader_path/Frameworks";
				PRODUCT_NAME = "$(TARGET_NAME)";
				TEST_HOST = "$(BUILT_PRODUCTS_DIR)/iDecide4u.app/iDecide4u";
			};
			name = Release;
		};
/* End XCBuildConfiguration section */

/* Begin XCConfigurationList section */
		2F327EF91AB33FFB00EE1CF8 /* Build configuration list for PBXProject "iDecide4U" */ = {
			isa = XCConfigurationList;
			buildConfigurations = (
				2F327F221AB33FFC00EE1CF8 /* Debug */,
				2F327F231AB33FFC00EE1CF8 /* Release */,
			);
			defaultConfigurationIsVisible = 0;
			defaultConfigurationName = Release;
		};
		2F327F241AB33FFC00EE1CF8 /* Build configuration list for PBXNativeTarget "iDecide4u" */ = {
			isa = XCConfigurationList;
			buildConfigurations = (
				2F327F251AB33FFC00EE1CF8 /* Debug */,
				2F327F261AB33FFC00EE1CF8 /* Release */,
			);
			defaultConfigurationIsVisible = 0;
			defaultConfigurationName = Release;
		};
		2F327F271AB33FFC00EE1CF8 /* Build configuration list for PBXNativeTarget "iDecide4uTests" */ = {
			isa = XCConfigurationList;
			buildConfigurations = (
				2F327F281AB33FFC00EE1CF8 /* Debug */,
				2F327F291AB33FFC00EE1CF8 /* Release */,
			);
			defaultConfigurationIsVisible = 0;
			defaultConfigurationName = Release;
		};
/* End XCConfigurationList section */

/* Begin XCVersionGroup section */
		2F327F081AB33FFB00EE1CF8 /* iDecide4u.xcdatamodeld */ = {
			isa = XCVersionGroup;
			children = (
				2F327F091AB33FFB00EE1CF8 /* iDecide4u.xcdatamodel */,
			);
			currentVersion = 2F327F091AB33FFB00EE1CF8 /* iDecide4u.xcdatamodel */;
			name = iDecide4u.xcdatamodeld;
			path = iDecide4u/iDecide4u.xcdatamodeld;
			sourceTree = "<group>";
			versionGroupType = wrapper.xcdatamodel;
		};
/* End XCVersionGroup section */
	};
	rootObject = 2F327EF61AB33FFB00EE1CF8 /* Project object */;
}
